
Microsoft Visual Studio Solution File, Format Version 11.00
# Visual Studio 2010
Project("{2150E333-8FDC-42A3-9474-1A3956D46DE8}") = "Solution Items", "Solution Items", "{BE32F9D5-9E8F-49D5-A9B6-E0E1FCC2EB94}"
	ProjectSection(SolutionItems) = preProject
		ContainerVisualizer.vsmdi = ContainerVisualizer.vsmdi
		LocalTestRun.testrunconfig = LocalTestRun.testrunconfig
	EndProjectSection
EndProject
Project("{FAE04EC0-301F-11D3-BF4B-00C04F79EFBC}") = "ContainerVisualizer", "ContainerVisualizer.csproj", "{B1B6522F-8CDD-48B9-8270-E5D9BE5E8CD9}"
EndProject
Project("{FAE04EC0-301F-11D3-BF4B-00C04F79EFBC}") = "ContainerVisualizer.Tests", "..\ContainerVisualizer.Tests\ContainerVisualizer.Tests.csproj", "{FCBB0B26-8440-492B-9EC4-5CA231FBE8E6}"
EndProject
Global
	GlobalSection(SubversionScc) = preSolution
		Svn-Managed = True
		Manager = AnkhSVN - Subversion Support for Visual Studio
	EndGlobalSection
	GlobalSection(TestCaseManagementSettings) = postSolution
		CategoryFile = ContainerVisualizer.vsmdi
	EndGlobalSection
	GlobalSection(SolutionConfigurationPlatforms) = preSolution
		Debug|Any CPU = Debug|Any CPU
		Release|Any CPU = Release|Any CPU
	EndGlobalSection
	GlobalSection(ProjectConfigurationPlatforms) = postSolution
		{B1B6522F-8CDD-48B9-8270-E5D9BE5E8CD9}.Debug|Any CPU.ActiveCfg = Debug|Any CPU
		{B1B6522F-8CDD-48B9-8270-E5D9BE5E8CD9}.Debug|Any CPU.Build.0 = Debug|Any CPU
		{B1B6522F-8CDD-48B9-8270-E5D9BE5E8CD9}.Release|Any CPU.ActiveCfg = Release|Any CPU
		{B1B6522F-8CDD-48B9-8270-E5D9BE5E8CD9}.Release|Any CPU.Build.0 = Release|Any CPU
		{FCBB0B26-8440-492B-9EC4-5CA231FBE8E6}.Debug|Any CPU.ActiveCfg = Debug|Any CPU
		{FCBB0B26-8440-492B-9EC4-5CA231FBE8E6}.Debug|Any CPU.Build.0 = Debug|Any CPU
		{FCBB0B26-8440-492B-9EC4-5CA231FBE8E6}.Release|Any CPU.ActiveCfg = Release|Any CPU
		{FCBB0B26-8440-492B-9EC4-5CA231FBE8E6}.Release|Any CPU.Build.0 = Release|Any CPU
	EndGlobalSection
	GlobalSection(SolutionProperties) = preSolution
		HideSolutionNode = FALSE
	EndGlobalSection
EndGlobal
